// !$*UTF8*$!
{
	archiveVersion = 1;
	classes = {
	};
	objectVersion = 50;
	objects = {

/* Begin PBXBuildFile section */
		0862A16E300B4861C95A150F /* Pods_KLineViewTests.framework in Frameworks */ = {isa = PBXBuildFile; fileRef = 604B732B20F6CE22D2B461F3 /* Pods_KLineViewTests.framework */; };
		B1D73D7E5C1AB087BF75A141 /* Pods_KLineViewUITests.framework in Frameworks */ = {isa = PBXBuildFile; fileRef = 2CD9B39BFAE904C61545D15D /* Pods_KLineViewUITests.framework */; };
		CC829EFA2201818700024496 /* AppDelegate.swift in Sources */ = {isa = PBXBuildFile; fileRef = CC829EF92201818700024496 /* AppDelegate.swift */; };
		CC829EFC2201818700024496 /* ViewController.swift in Sources */ = {isa = PBXBuildFile; fileRef = CC829EFB2201818700024496 /* ViewController.swift */; };
		CC829EFF2201818700024496 /* Main.storyboard in Resources */ = {isa = PBXBuildFile; fileRef = CC829EFD2201818700024496 /* Main.storyboard */; };
		CC829F012201818900024496 /* Assets.xcassets in Resources */ = {isa = PBXBuildFile; fileRef = CC829F002201818900024496 /* Assets.xcassets */; };
		CC829F042201818900024496 /* LaunchScreen.storyboard in Resources */ = {isa = PBXBuildFile; fileRef = CC829F022201818900024496 /* LaunchScreen.storyboard */; };
		CC829F0F2201818900024496 /* KLineViewTests.swift in Sources */ = {isa = PBXBuildFile; fileRef = CC829F0E2201818900024496 /* KLineViewTests.swift */; };
		CC829F1A2201818900024496 /* KLineViewUITests.swift in Sources */ = {isa = PBXBuildFile; fileRef = CC829F192201818900024496 /* KLineViewUITests.swift */; };
		CC829F36220181AE00024496 /* KLineVM.swift in Sources */ = {isa = PBXBuildFile; fileRef = CC829F29220181AE00024496 /* KLineVM.swift */; };
		CC829F37220181AE00024496 /* KLineVC.swift in Sources */ = {isa = PBXBuildFile; fileRef = CC829F2B220181AE00024496 /* KLineVC.swift */; };
		CC829F38220181AE00024496 /* KLineConst.swift in Sources */ = {isa = PBXBuildFile; fileRef = CC829F2D220181AE00024496 /* KLineConst.swift */; };
		CC829F39220181AE00024496 /* KLineModel.swift in Sources */ = {isa = PBXBuildFile; fileRef = CC829F2F220181AE00024496 /* KLineModel.swift */; };
		CC829F3A220181AE00024496 /* KLineView.swift in Sources */ = {isa = PBXBuildFile; fileRef = CC829F31220181AE00024496 /* KLineView.swift */; };
		CC829F3B220181AE00024496 /* KLineVolumeCell.swift in Sources */ = {isa = PBXBuildFile; fileRef = CC829F32220181AE00024496 /* KLineVolumeCell.swift */; };
		CC829F3C220181AE00024496 /* KLineVolumeView.swift in Sources */ = {isa = PBXBuildFile; fileRef = CC829F33220181AE00024496 /* KLineVolumeView.swift */; };
		CC829F3D220181AE00024496 /* KLinePriceView.swift in Sources */ = {isa = PBXBuildFile; fileRef = CC829F34220181AE00024496 /* KLinePriceView.swift */; };
		CC829F3E220181AE00024496 /* KLinePriceCell.swift in Sources */ = {isa = PBXBuildFile; fileRef = CC829F35220181AE00024496 /* KLinePriceCell.swift */; };
		CC829F4C2201851700024496 /* KLineData.plist in Resources */ = {isa = PBXBuildFile; fileRef = CC829F4B2201851700024496 /* KLineData.plist */; };
		E1C37D5A9F5CF24DF578A9A3 /* Pods_KLineView.framework in Frameworks */ = {isa = PBXBuildFile; fileRef = 6C62A3E3D076F3E4C43B69FD /* Pods_KLineView.framework */; };
/* End PBXBuildFile section */

/* Begin PBXContainerItemProxy section */
		CC829F0B2201818900024496 /* PBXContainerItemProxy */ = {
			isa = PBXContainerItemProxy;
			containerPortal = CC829EEE2201818700024496 /* Project object */;
			proxyType = 1;
			remoteGlobalIDString = CC829EF52201818700024496;
			remoteInfo = KLineView;
		};
		CC829F162201818900024496 /* PBXContainerItemProxy */ = {
			isa = PBXContainerItemProxy;
			containerPortal = CC829EEE2201818700024496 /* Project object */;
			proxyType = 1;
			remoteGlobalIDString = CC829EF52201818700024496;
			remoteInfo = KLineView;
		};
/* End PBXContainerItemProxy section */

/* Begin PBXFileReference section */
		20888BA57DADF3DA9E052FDA /* Pods-KLineView.release.xcconfig */ = {isa = PBXFileReference; includeInIndex = 1; lastKnownFileType = text.xcconfig; name = "Pods-KLineView.release.xcconfig"; path = "Pods/Target Support Files/Pods-KLineView/Pods-KLineView.release.xcconfig"; sourceTree = "<group>"; };
		2CD9B39BFAE904C61545D15D /* Pods_KLineViewUITests.framework */ = {isa = PBXFileReference; explicitFileType = wrapper.framework; includeInIndex = 0; path = Pods_KLineViewUITests.framework; sourceTree = BUILT_PRODUCTS_DIR; };
		33929C5383F6DB8AD67C7C79 /* Pods-KLineView.debug.xcconfig */ = {isa = PBXFileReference; includeInIndex = 1; lastKnownFileType = text.xcconfig; name = "Pods-KLineView.debug.xcconfig"; path = "Pods/Target Support Files/Pods-KLineView/Pods-KLineView.debug.xcconfig"; sourceTree = "<group>"; };
		4F95F9F8B8D74EAA9665464B /* Pods-KLineViewTests.debug.xcconfig */ = {isa = PBXFileReference; includeInIndex = 1; lastKnownFileType = text.xcconfig; name = "Pods-KLineViewTests.debug.xcconfig"; path = "Pods/Target Support Files/Pods-KLineViewTests/Pods-KLineViewTests.debug.xcconfig"; sourceTree = "<group>"; };
		604B732B20F6CE22D2B461F3 /* Pods_KLineViewTests.framework */ = {isa = PBXFileReference; explicitFileType = wrapper.framework; includeInIndex = 0; path = Pods_KLineViewTests.framework; sourceTree = BUILT_PRODUCTS_DIR; };
		6C62A3E3D076F3E4C43B69FD /* Pods_KLineView.framework */ = {isa = PBXFileReference; explicitFileType = wrapper.framework; includeInIndex = 0; path = Pods_KLineView.framework; sourceTree = BUILT_PRODUCTS_DIR; };
		ADBBED89208BD732A123719C /* Pods-KLineViewUITests.debug.xcconfig */ = {isa = PBXFileReference; includeInIndex = 1; lastKnownFileType = text.xcconfig; name = "Pods-KLineViewUITests.debug.xcconfig"; path = "Pods/Target Support Files/Pods-KLineViewUITests/Pods-KLineViewUITests.debug.xcconfig"; sourceTree = "<group>"; };
		C6E34661E00EAF78DB145028 /* Pods-KLineViewUITests.release.xcconfig */ = {isa = PBXFileReference; includeInIndex = 1; lastKnownFileType = text.xcconfig; name = "Pods-KLineViewUITests.release.xcconfig"; path = "Pods/Target Support Files/Pods-KLineViewUITests/Pods-KLineViewUITests.release.xcconfig"; sourceTree = "<group>"; };
		CC829EF62201818700024496 /* KLineView.app */ = {isa = PBXFileReference; explicitFileType = wrapper.application; includeInIndex = 0; path = KLineView.app; sourceTree = BUILT_PRODUCTS_DIR; };
		CC829EF92201818700024496 /* AppDelegate.swift */ = {isa = PBXFileReference; lastKnownFileType = sourcecode.swift; path = AppDelegate.swift; sourceTree = "<group>"; };
		CC829EFB2201818700024496 /* ViewController.swift */ = {isa = PBXFileReference; lastKnownFileType = sourcecode.swift; path = ViewController.swift; sourceTree = "<group>"; };
		CC829EFE2201818700024496 /* Base */ = {isa = PBXFileReference; lastKnownFileType = file.storyboard; name = Base; path = Base.lproj/Main.storyboard; sourceTree = "<group>"; };
		CC829F002201818900024496 /* Assets.xcassets */ = {isa = PBXFileReference; lastKnownFileType = folder.assetcatalog; path = Assets.xcassets; sourceTree = "<group>"; };
		CC829F032201818900024496 /* Base */ = {isa = PBXFileReference; lastKnownFileType = file.storyboard; name = Base; path = Base.lproj/LaunchScreen.storyboard; sourceTree = "<group>"; };
		CC829F052201818900024496 /* Info.plist */ = {isa = PBXFileReference; lastKnownFileType = text.plist.xml; path = Info.plist; sourceTree = "<group>"; };
		CC829F0A2201818900024496 /* KLineViewTests.xctest */ = {isa = PBXFileReference; explicitFileType = wrapper.cfbundle; includeInIndex = 0; path = KLineViewTests.xctest; sourceTree = BUILT_PRODUCTS_DIR; };
		CC829F0E2201818900024496 /* KLineViewTests.swift */ = {isa = PBXFileReference; lastKnownFileType = sourcecode.swift; path = KLineViewTests.swift; sourceTree = "<group>"; };
		CC829F102201818900024496 /* Info.plist */ = {isa = PBXFileReference; lastKnownFileType = text.plist.xml; path = Info.plist; sourceTree = "<group>"; };
		CC829F152201818900024496 /* KLineViewUITests.xctest */ = {isa = PBXFileReference; explicitFileType = wrapper.cfbundle; includeInIndex = 0; path = KLineViewUITests.xctest; sourceTree = BUILT_PRODUCTS_DIR; };
		CC829F192201818900024496 /* KLineViewUITests.swift */ = {isa = PBXFileReference; lastKnownFileType = sourcecode.swift; path = KLineViewUITests.swift; sourceTree = "<group>"; };
		CC829F1B2201818900024496 /* Info.plist */ = {isa = PBXFileReference; lastKnownFileType = text.plist.xml; path = Info.plist; sourceTree = "<group>"; };
		CC829F29220181AE00024496 /* KLineVM.swift */ = {isa = PBXFileReference; fileEncoding = 4; lastKnownFileType = sourcecode.swift; path = KLineVM.swift; sourceTree = "<group>"; };
		CC829F2B220181AE00024496 /* KLineVC.swift */ = {isa = PBXFileReference; fileEncoding = 4; lastKnownFileType = sourcecode.swift; path = KLineVC.swift; sourceTree = "<group>"; };
		CC829F2D220181AE00024496 /* KLineConst.swift */ = {isa = PBXFileReference; fileEncoding = 4; lastKnownFileType = sourcecode.swift; path = KLineConst.swift; sourceTree = "<group>"; };
		CC829F2F220181AE00024496 /* KLineModel.swift */ = {isa = PBXFileReference; fileEncoding = 4; lastKnownFileType = sourcecode.swift; path = KLineModel.swift; sourceTree = "<group>"; };
		CC829F31220181AE00024496 /* KLineView.swift */ = {isa = PBXFileReference; fileEncoding = 4; lastKnownFileType = sourcecode.swift; path = KLineView.swift; sourceTree = "<group>"; };
		CC829F32220181AE00024496 /* KLineVolumeCell.swift */ = {isa = PBXFileReference; fileEncoding = 4; lastKnownFileType = sourcecode.swift; path = KLineVolumeCell.swift; sourceTree = "<group>"; };
		CC829F33220181AE00024496 /* KLineVolumeView.swift */ = {isa = PBXFileReference; fileEncoding = 4; lastKnownFileType = sourcecode.swift; path = KLineVolumeView.swift; sourceTree = "<group>"; };
		CC829F34220181AE00024496 /* KLinePriceView.swift */ = {isa = PBXFileReference; fileEncoding = 4; lastKnownFileType = sourcecode.swift; path = KLinePriceView.swift; sourceTree = "<group>"; };
		CC829F35220181AE00024496 /* KLinePriceCell.swift */ = {isa = PBXFileReference; fileEncoding = 4; lastKnownFileType = sourcecode.swift; path = KLinePriceCell.swift; sourceTree = "<group>"; };
		CC829F4B2201851700024496 /* KLineData.plist */ = {isa = PBXFileReference; fileEncoding = 4; lastKnownFileType = text.plist.xml; path = KLineData.plist; sourceTree = "<group>"; };
		EA63F1C0674776BF88B877CE /* Pods-KLineViewTests.release.xcconfig */ = {isa = PBXFileReference; includeInIndex = 1; lastKnownFileType = text.xcconfig; name = "Pods-KLineViewTests.release.xcconfig"; path = "Pods/Target Support Files/Pods-KLineViewTests/Pods-KLineViewTests.release.xcconfig"; sourceTree = "<group>"; };
/* End PBXFileReference section */

/* Begin PBXFrameworksBuildPhase section */
		CC829EF32201818700024496 /* Frameworks */ = {
			isa = PBXFrameworksBuildPhase;
			buildActionMask = 2147483647;
			files = (
				E1C37D5A9F5CF24DF578A9A3 /* Pods_KLineView.framework in Frameworks */,
			);
			runOnlyForDeploymentPostprocessing = 0;
		};
		CC829F072201818900024496 /* Frameworks */ = {
			isa = PBXFrameworksBuildPhase;
			buildActionMask = 2147483647;
			files = (
				0862A16E300B4861C95A150F /* Pods_KLineViewTests.framework in Frameworks */,
			);
			runOnlyForDeploymentPostprocessing = 0;
		};
		CC829F122201818900024496 /* Frameworks */ = {
			isa = PBXFrameworksBuildPhase;
			buildActionMask = 2147483647;
			files = (
				B1D73D7E5C1AB087BF75A141 /* Pods_KLineViewUITests.framework in Frameworks */,
			);
			runOnlyForDeploymentPostprocessing = 0;
		};
/* End PBXFrameworksBuildPhase section */

/* Begin PBXGroup section */
		90C79117B5AEC275DD24DD12 /* Frameworks */ = {
			isa = PBXGroup;
			children = (
				6C62A3E3D076F3E4C43B69FD /* Pods_KLineView.framework */,
				604B732B20F6CE22D2B461F3 /* Pods_KLineViewTests.framework */,
				2CD9B39BFAE904C61545D15D /* Pods_KLineViewUITests.framework */,
			);
			name = Frameworks;
			sourceTree = "<group>";
		};
		CC829EED2201818700024496 = {
			isa = PBXGroup;
			children = (
				CC829EF82201818700024496 /* KLineView */,
				CC829F0D2201818900024496 /* KLineViewTests */,
				CC829F182201818900024496 /* KLineViewUITests */,
				CC829EF72201818700024496 /* Products */,
				F4901676F3AE9DA73A030EB1 /* Pods */,
				90C79117B5AEC275DD24DD12 /* Frameworks */,
			);
			sourceTree = "<group>";
		};
		CC829EF72201818700024496 /* Products */ = {
			isa = PBXGroup;
			children = (
				CC829EF62201818700024496 /* KLineView.app */,
				CC829F0A2201818900024496 /* KLineViewTests.xctest */,
				CC829F152201818900024496 /* KLineViewUITests.xctest */,
			);
			name = Products;
			sourceTree = "<group>";
		};
		CC829EF82201818700024496 /* KLineView */ = {
			isa = PBXGroup;
			children = (
				CC829F27220181AE00024496 /* KLine */,
				CC829EF92201818700024496 /* AppDelegate.swift */,
				CC829EFB2201818700024496 /* ViewController.swift */,
				CC829EFD2201818700024496 /* Main.storyboard */,
				CC829F4B2201851700024496 /* KLineData.plist */,
				CC829F002201818900024496 /* Assets.xcassets */,
				CC829F022201818900024496 /* LaunchScreen.storyboard */,
				CC829F052201818900024496 /* Info.plist */,
			);
			path = KLineView;
			sourceTree = "<group>";
		};
		CC829F0D2201818900024496 /* KLineViewTests */ = {
			isa = PBXGroup;
			children = (
				CC829F0E2201818900024496 /* KLineViewTests.swift */,
				CC829F102201818900024496 /* Info.plist */,
			);
			path = KLineViewTests;
			sourceTree = "<group>";
		};
		CC829F182201818900024496 /* KLineViewUITests */ = {
			isa = PBXGroup;
			children = (
				CC829F192201818900024496 /* KLineViewUITests.swift */,
				CC829F1B2201818900024496 /* Info.plist */,
			);
			path = KLineViewUITests;
			sourceTree = "<group>";
		};
		CC829F27220181AE00024496 /* KLine */ = {
			isa = PBXGroup;
			children = (
				CC829F28220181AE00024496 /* ViewModel */,
				CC829F2A220181AE00024496 /* Controller */,
				CC829F2C220181AE00024496 /* Const */,
				CC829F2E220181AE00024496 /* Model */,
				CC829F30220181AE00024496 /* View */,
			);
			path = KLine;
			sourceTree = "<group>";
		};
		CC829F28220181AE00024496 /* ViewModel */ = {
			isa = PBXGroup;
			children = (
				CC829F29220181AE00024496 /* KLineVM.swift */,
			);
			path = ViewModel;
			sourceTree = "<group>";
		};
		CC829F2A220181AE00024496 /* Controller */ = {
			isa = PBXGroup;
			children = (
				CC829F2B220181AE00024496 /* KLineVC.swift */,
			);
			path = Controller;
			sourceTree = "<group>";
		};
		CC829F2C220181AE00024496 /* Const */ = {
			isa = PBXGroup;
			children = (
				CC829F2D220181AE00024496 /* KLineConst.swift */,
			);
			path = Const;
			sourceTree = "<group>";
		};
		CC829F2E220181AE00024496 /* Model */ = {
			isa = PBXGroup;
			children = (
				CC829F2F220181AE00024496 /* KLineModel.swift */,
			);
			path = Model;
			sourceTree = "<group>";
		};
		CC829F30220181AE00024496 /* View */ = {
			isa = PBXGroup;
			children = (
				CC829F31220181AE00024496 /* KLineView.swift */,
				CC829F32220181AE00024496 /* KLineVolumeCell.swift */,
				CC829F33220181AE00024496 /* KLineVolumeView.swift */,
				CC829F34220181AE00024496 /* KLinePriceView.swift */,
				CC829F35220181AE00024496 /* KLinePriceCell.swift */,
			);
			path = View;
			sourceTree = "<group>";
		};
		F4901676F3AE9DA73A030EB1 /* Pods */ = {
			isa = PBXGroup;
			children = (
				33929C5383F6DB8AD67C7C79 /* Pods-KLineView.debug.xcconfig */,
				20888BA57DADF3DA9E052FDA /* Pods-KLineView.release.xcconfig */,
				4F95F9F8B8D74EAA9665464B /* Pods-KLineViewTests.debug.xcconfig */,
				EA63F1C0674776BF88B877CE /* Pods-KLineViewTests.release.xcconfig */,
				ADBBED89208BD732A123719C /* Pods-KLineViewUITests.debug.xcconfig */,
				C6E34661E00EAF78DB145028 /* Pods-KLineViewUITests.release.xcconfig */,
			);
			name = Pods;
			sourceTree = "<group>";
		};
/* End PBXGroup section */

/* Begin PBXNativeTarget section */
		CC829EF52201818700024496 /* KLineView */ = {
			isa = PBXNativeTarget;
			buildConfigurationList = CC829F1E2201818900024496 /* Build configuration list for PBXNativeTarget "KLineView" */;
			buildPhases = (
				E73FCBBD621F689C89670243 /* [CP] Check Pods Manifest.lock */,
				CC829EF22201818700024496 /* Sources */,
				CC829EF32201818700024496 /* Frameworks */,
				CC829EF42201818700024496 /* Resources */,
				5F3734C987264A4DEE3A7E0A /* [CP] Embed Pods Frameworks */,
			);
			buildRules = (
			);
			dependencies = (
			);
			name = KLineView;
			productName = KLineView;
			productReference = CC829EF62201818700024496 /* KLineView.app */;
			productType = "com.apple.product-type.application";
		};
		CC829F092201818900024496 /* KLineViewTests */ = {
			isa = PBXNativeTarget;
			buildConfigurationList = CC829F212201818900024496 /* Build configuration list for PBXNativeTarget "KLineViewTests" */;
			buildPhases = (
				35760E51ACCAE095D10F9B27 /* [CP] Check Pods Manifest.lock */,
				CC829F062201818900024496 /* Sources */,
				CC829F072201818900024496 /* Frameworks */,
				CC829F082201818900024496 /* Resources */,
			);
			buildRules = (
			);
			dependencies = (
				CC829F0C2201818900024496 /* PBXTargetDependency */,
			);
			name = KLineViewTests;
			productName = KLineViewTests;
			productReference = CC829F0A2201818900024496 /* KLineViewTests.xctest */;
			productType = "com.apple.product-type.bundle.unit-test";
		};
		CC829F142201818900024496 /* KLineViewUITests */ = {
			isa = PBXNativeTarget;
			buildConfigurationList = CC829F242201818900024496 /* Build configuration list for PBXNativeTarget "KLineViewUITests" */;
			buildPhases = (
				366CBF56939D42E2D02EE085 /* [CP] Check Pods Manifest.lock */,
				CC829F112201818900024496 /* Sources */,
				CC829F122201818900024496 /* Frameworks */,
				CC829F132201818900024496 /* Resources */,
			);
			buildRules = (
			);
			dependencies = (
				CC829F172201818900024496 /* PBXTargetDependency */,
			);
			name = KLineViewUITests;
			productName = KLineViewUITests;
			productReference = CC829F152201818900024496 /* KLineViewUITests.xctest */;
			productType = "com.apple.product-type.bundle.ui-testing";
		};
/* End PBXNativeTarget section */

/* Begin PBXProject section */
		CC829EEE2201818700024496 /* Project object */ = {
			isa = PBXProject;
			attributes = {
				LastSwiftUpdateCheck = 1010;
				LastUpgradeCheck = 1010;
				ORGANIZATIONNAME = "我是花轮";
				TargetAttributes = {
					CC829EF52201818700024496 = {
						CreatedOnToolsVersion = 10.1;
					};
					CC829F092201818900024496 = {
						CreatedOnToolsVersion = 10.1;
						TestTargetID = CC829EF52201818700024496;
					};
					CC829F142201818900024496 = {
						CreatedOnToolsVersion = 10.1;
						TestTargetID = CC829EF52201818700024496;
					};
				};
			};
			buildConfigurationList = CC829EF12201818700024496 /* Build configuration list for PBXProject "KLineView" */;
			compatibilityVersion = "Xcode 9.3";
			developmentRegion = en;
			hasScannedForEncodings = 0;
			knownRegions = (
				en,
				Base,
			);
			mainGroup = CC829EED2201818700024496;
			productRefGroup = CC829EF72201818700024496 /* Products */;
			projectDirPath = "";
			projectRoot = "";
			targets = (
				CC829EF52201818700024496 /* KLineView */,
				CC829F092201818900024496 /* KLineViewTests */,
				CC829F142201818900024496 /* KLineViewUITests */,
			);
		};
/* End PBXProject section */

/* Begin PBXResourcesBuildPhase section */
		CC829EF42201818700024496 /* Resources */ = {
			isa = PBXResourcesBuildPhase;
			buildActionMask = 2147483647;
			files = (
				CC829F042201818900024496 /* LaunchScreen.storyboard in Resources */,
				CC829F012201818900024496 /* Assets.xcassets in Resources */,
				CC829F4C2201851700024496 /* KLineData.plist in Resources */,
				CC829EFF2201818700024496 /* Main.storyboard in Resources */,
			);
			runOnlyForDeploymentPostprocessing = 0;
		};
		CC829F082201818900024496 /* Resources */ = {
			isa = PBXResourcesBuildPhase;
			buildActionMask = 2147483647;
			files = (
			);
			runOnlyForDeploymentPostprocessing = 0;
		};
		CC829F132201818900024496 /* Resources */ = {
			isa = PBXResourcesBuildPhase;
			buildActionMask = 2147483647;
			files = (
			);
			runOnlyForDeploymentPostprocessing = 0;
		};
/* End PBXResourcesBuildPhase section */

/* Begin PBXShellScriptBuildPhase section */
		35760E51ACCAE095D10F9B27 /* [CP] Check Pods Manifest.lock */ = {
			isa = PBXShellScriptBuildPhase;
			buildActionMask = 2147483647;
			files = (
			);
			inputFileListPaths = (
			);
			inputPaths = (
				"${PODS_PODFILE_DIR_PATH}/Podfile.lock",
				"${PODS_ROOT}/Manifest.lock",
			);
			name = "[CP] Check Pods Manifest.lock";
			outputFileListPaths = (
			);
			outputPaths = (
				"$(DERIVED_FILE_DIR)/Pods-KLineViewTests-checkManifestLockResult.txt",
			);
			runOnlyForDeploymentPostprocessing = 0;
			shellPath = /bin/sh;
			shellScript = "diff \"${PODS_PODFILE_DIR_PATH}/Podfile.lock\" \"${PODS_ROOT}/Manifest.lock\" > /dev/null\nif [ $? != 0 ] ; then\n    # print error to STDERR\n    echo \"error: The sandbox is not in sync with the Podfile.lock. Run 'pod install' or update your CocoaPods installation.\" >&2\n    exit 1\nfi\n# This output is used by Xcode 'outputs' to avoid re-running this script phase.\necho \"SUCCESS\" > \"${SCRIPT_OUTPUT_FILE_0}\"\n";
			showEnvVarsInLog = 0;
		};
		366CBF56939D42E2D02EE085 /* [CP] Check Pods Manifest.lock */ = {
			isa = PBXShellScriptBuildPhase;
			buildActionMask = 2147483647;
			files = (
			);
			inputFileListPaths = (
			);
			inputPaths = (
				"${PODS_PODFILE_DIR_PATH}/Podfile.lock",
				"${PODS_ROOT}/Manifest.lock",
			);
			name = "[CP] Check Pods Manifest.lock";
			outputFileListPaths = (
			);
			outputPaths = (
				"$(DERIVED_FILE_DIR)/Pods-KLineViewUITests-checkManifestLockResult.txt",
			);
			runOnlyForDeploymentPostprocessing = 0;
			shellPath = /bin/sh;
			shellScript = "diff \"${PODS_PODFILE_DIR_PATH}/Podfile.lock\" \"${PODS_ROOT}/Manifest.lock\" > /dev/null\nif [ $? != 0 ] ; then\n    # print error to STDERR\n    echo \"error: The sandbox is not in sync with the Podfile.lock. Run 'pod install' or update your CocoaPods installation.\" >&2\n    exit 1\nfi\n# This output is used by Xcode 'outputs' to avoid re-running this script phase.\necho \"SUCCESS\" > \"${SCRIPT_OUTPUT_FILE_0}\"\n";
			showEnvVarsInLog = 0;
		};
		5F3734C987264A4DEE3A7E0A /* [CP] Embed Pods Frameworks */ = {
			isa = PBXShellScriptBuildPhase;
			buildActionMask = 2147483647;
			files = (
			);
			inputFileListPaths = (
			);
			inputPaths = (
				"${SRCROOT}/Pods/Target Support Files/Pods-KLineView/Pods-KLineView-frameworks.sh",
				"${BUILT_PRODUCTS_DIR}/HandyJSON/HandyJSON.framework",
				"${BUILT_PRODUCTS_DIR}/SnapKit/SnapKit.framework",
				"${BUILT_PRODUCTS_DIR}/SwiftyJSON/SwiftyJSON.framework",
			);
			name = "[CP] Embed Pods Frameworks";
			outputFileListPaths = (
			);
			outputPaths = (
				"${TARGET_BUILD_DIR}/${FRAMEWORKS_FOLDER_PATH}/HandyJSON.framework",
				"${TARGET_BUILD_DIR}/${FRAMEWORKS_FOLDER_PATH}/SnapKit.framework",
				"${TARGET_BUILD_DIR}/${FRAMEWORKS_FOLDER_PATH}/SwiftyJSON.framework",
			);
			runOnlyForDeploymentPostprocessing = 0;
			shellPath = /bin/sh;
			shellScript = "\"${SRCROOT}/Pods/Target Support Files/Pods-KLineView/Pods-KLineView-frameworks.sh\"\n";
			showEnvVarsInLog = 0;
		};
		E73FCBBD621F689C89670243 /* [CP] Check Pods Manifest.lock */ = {
			isa = PBXShellScriptBuildPhase;
			buildActionMask = 2147483647;
			files = (
			);
			inputFileListPaths = (
			);
			inputPaths = (
				"${PODS_PODFILE_DIR_PATH}/Podfile.lock",
				"${PODS_ROOT}/Manifest.lock",
			);
			name = "[CP] Check Pods Manifest.lock";
			outputFileListPaths = (
			);
			outputPaths = (
				"$(DERIVED_FILE_DIR)/Pods-KLineView-checkManifestLockResult.txt",
			);
			runOnlyForDeploymentPostprocessing = 0;
			shellPath = /bin/sh;
			shellScript = "diff \"${PODS_PODFILE_DIR_PATH}/Podfile.lock\" \"${PODS_ROOT}/Manifest.lock\" > /dev/null\nif [ $? != 0 ] ; then\n    # print error to STDERR\n    echo \"error: The sandbox is not in sync with the Podfile.lock. Run 'pod install' or update your CocoaPods installation.\" >&2\n    exit 1\nfi\n# This output is used by Xcode 'outputs' to avoid re-running this script phase.\necho \"SUCCESS\" > \"${SCRIPT_OUTPUT_FILE_0}\"\n";
			showEnvVarsInLog = 0;
		};
/* End PBXShellScriptBuildPhase section */

/* Begin PBXSourcesBuildPhase section */
		CC829EF22201818700024496 /* Sources */ = {
			isa = PBXSourcesBuildPhase;
			buildActionMask = 2147483647;
			files = (
				CC829F38220181AE00024496 /* KLineConst.swift in Sources */,
				CC829F37220181AE00024496 /* KLineVC.swift in Sources */,
				CC829EFC2201818700024496 /* ViewController.swift in Sources */,
				CC829F3B220181AE00024496 /* KLineVolumeCell.swift in Sources */,
				CC829F3D220181AE00024496 /* KLinePriceView.swift in Sources */,
				CC829F36220181AE00024496 /* KLineVM.swift in Sources */,
				CC829EFA2201818700024496 /* AppDelegate.swift in Sources */,
				CC829F39220181AE00024496 /* KLineModel.swift in Sources */,
				CC829F3E220181AE00024496 /* KLinePriceCell.swift in Sources */,
				CC829F3C220181AE00024496 /* KLineVolumeView.swift in Sources */,
				CC829F3A220181AE00024496 /* KLineView.swift in Sources */,
			);
			runOnlyForDeploymentPostprocessing = 0;
		};
		CC829F062201818900024496 /* Sources */ = {
			isa = PBXSourcesBuildPhase;
			buildActionMask = 2147483647;
			files = (
				CC829F0F2201818900024496 /* KLineViewTests.swift in Sources */,
			);
			runOnlyForDeploymentPostprocessing = 0;
		};
		CC829F112201818900024496 /* Sources */ = {
			isa = PBXSourcesBuildPhase;
			buildActionMask = 2147483647;
			files = (
				CC829F1A2201818900024496 /* KLineViewUITests.swift in Sources */,
			);
			runOnlyForDeploymentPostprocessing = 0;
		};
/* End PBXSourcesBuildPhase section */

/* Begin PBXTargetDependency section */
		CC829F0C2201818900024496 /* PBXTargetDependency */ = {
			isa = PBXTargetDependency;
			target = CC829EF52201818700024496 /* KLineView */;
			targetProxy = CC829F0B2201818900024496 /* PBXContainerItemProxy */;
		};
		CC829F172201818900024496 /* PBXTargetDependency */ = {
			isa = PBXTargetDependency;
			target = CC829EF52201818700024496 /* KLineView */;
			targetProxy = CC829F162201818900024496 /* PBXContainerItemProxy */;
		};
/* End PBXTargetDependency section */

/* Begin PBXVariantGroup section */
		CC829EFD2201818700024496 /* Main.storyboard */ = {
			isa = PBXVariantGroup;
			children = (
				CC829EFE2201818700024496 /* Base */,
			);
			name = Main.storyboard;
			sourceTree = "<group>";
		};
		CC829F022201818900024496 /* LaunchScreen.storyboard */ = {
			isa = PBXVariantGroup;
			children = (
				CC829F032201818900024496 /* Base */,
			);
			name = LaunchScreen.storyboard;
			sourceTree = "<group>";
		};
/* End PBXVariantGroup section */

/* Begin XCBuildConfiguration section */
		CC829F1C2201818900024496 /* Debug */ = {
			isa = XCBuildConfiguration;
			buildSettings = {
				ALWAYS_SEARCH_USER_PATHS = NO;
				CLANG_ANALYZER_NONNULL = YES;
				CLANG_ANALYZER_NUMBER_OBJECT_CONVERSION = YES_AGGRESSIVE;
				CLANG_CXX_LANGUAGE_STANDARD = "gnu++14";
				CLANG_CXX_LIBRARY = "libc++";
				CLANG_ENABLE_MODULES = YES;
				CLANG_ENABLE_OBJC_ARC = YES;
				CLANG_ENABLE_OBJC_WEAK = YES;
				CLANG_WARN_BLOCK_CAPTURE_AUTORELEASING = YES;
				CLANG_WARN_BOOL_CONVERSION = YES;
				CLANG_WARN_COMMA = YES;
				CLANG_WARN_CONSTANT_CONVERSION = YES;
				CLANG_WARN_DEPRECATED_OBJC_IMPLEMENTATIONS = YES;
				CLANG_WARN_DIRECT_OBJC_ISA_USAGE = YES_ERROR;
				CLANG_WARN_DOCUMENTATION_COMMENTS = YES;
				CLANG_WARN_EMPTY_BODY = YES;
				CLANG_WARN_ENUM_CONVERSION = YES;
				CLANG_WARN_INFINITE_RECURSION = YES;
				CLANG_WARN_INT_CONVERSION = YES;
				CLANG_WARN_NON_LITERAL_NULL_CONVERSION = YES;
				CLANG_WARN_OBJC_IMPLICIT_RETAIN_SELF = YES;
				CLANG_WARN_OBJC_LITERAL_CONVERSION = YES;
				CLANG_WARN_OBJC_ROOT_CLASS = YES_ERROR;
				CLANG_WARN_RANGE_LOOP_ANALYSIS = YES;
				CLANG_WARN_STRICT_PROTOTYPES = YES;
				CLANG_WARN_SUSPICIOUS_MOVE = YES;
				CLANG_WARN_UNGUARDED_AVAILABILITY = YES_AGGRESSIVE;
				CLANG_WARN_UNREACHABLE_CODE = YES;
				CLANG_WARN__DUPLICATE_METHOD_MATCH = YES;
				CODE_SIGN_IDENTITY = "iPhone Developer";
				COPY_PHASE_STRIP = NO;
				DEBUG_INFORMATION_FORMAT = dwarf;
				ENABLE_STRICT_OBJC_MSGSEND = YES;
				ENABLE_TESTABILITY = YES;
				GCC_C_LANGUAGE_STANDARD = gnu11;
				GCC_DYNAMIC_NO_PIC = NO;
				GCC_NO_COMMON_BLOCKS = YES;
				GCC_OPTIMIZATION_LEVEL = 0;
				GCC_PREPROCESSOR_DEFINITIONS = (
					"DEBUG=1",
					"$(inherited)",
				);
				GCC_WARN_64_TO_32_BIT_CONVERSION = YES;
				GCC_WARN_ABOUT_RETURN_TYPE = YES_ERROR;
				GCC_WARN_UNDECLARED_SELECTOR = YES;
				GCC_WARN_UNINITIALIZED_AUTOS = YES_AGGRESSIVE;
				GCC_WARN_UNUSED_FUNCTION = YES;
				GCC_WARN_UNUSED_VARIABLE = YES;
				IPHONEOS_DEPLOYMENT_TARGET = 12.1;
				MTL_ENABLE_DEBUG_INFO = INCLUDE_SOURCE;
				MTL_FAST_MATH = YES;
				ONLY_ACTIVE_ARCH = YES;
				SDKROOT = iphoneos;
				SWIFT_ACTIVE_COMPILATION_CONDITIONS = DEBUG;
				SWIFT_OPTIMIZATION_LEVEL = "-Onone";
			};
			name = Debug;
		};
		CC829F1D2201818900024496 /* Release */ = {
			isa = XCBuildConfiguration;
			buildSettings = {
				ALWAYS_SEARCH_USER_PATHS = NO;
				CLANG_ANALYZER_NONNULL = YES;
				CLANG_ANALYZER_NUMBER_OBJECT_CONVERSION = YES_AGGRESSIVE;
				CLANG_CXX_LANGUAGE_STANDARD = "gnu++14";
				CLANG_CXX_LIBRARY = "libc++";
				CLANG_ENABLE_MODULES = YES;
				CLANG_ENABLE_OBJC_ARC = YES;
				CLANG_ENABLE_OBJC_WEAK = YES;
				CLANG_WARN_BLOCK_CAPTURE_AUTORELEASING = YES;
				CLANG_WARN_BOOL_CONVERSION = YES;
				CLANG_WARN_COMMA = YES;
				CLANG_WARN_CONSTANT_CONVERSION = YES;
				CLANG_WARN_DEPRECATED_OBJC_IMPLEMENTATIONS = YES;
				CLANG_WARN_DIRECT_OBJC_ISA_USAGE = YES_ERROR;
				CLANG_WARN_DOCUMENTATION_COMMENTS = YES;
				CLANG_WARN_EMPTY_BODY = YES;
				CLANG_WARN_ENUM_CONVERSION = YES;
				CLANG_WARN_INFINITE_RECURSION = YES;
				CLANG_WARN_INT_CONVERSION = YES;
				CLANG_WARN_NON_LITERAL_NULL_CONVERSION = YES;
				CLANG_WARN_OBJC_IMPLICIT_RETAIN_SELF = YES;
				CLANG_WARN_OBJC_LITERAL_CONVERSION = YES;
				CLANG_WARN_OBJC_ROOT_CLASS = YES_ERROR;
				CLANG_WARN_RANGE_LOOP_ANALYSIS = YES;
				CLANG_WARN_STRICT_PROTOTYPES = YES;
				CLANG_WARN_SUSPICIOUS_MOVE = YES;
				CLANG_WARN_UNGUARDED_AVAILABILITY = YES_AGGRESSIVE;
				CLANG_WARN_UNREACHABLE_CODE = YES;
				CLANG_WARN__DUPLICATE_METHOD_MATCH = YES;
				CODE_SIGN_IDENTITY = "iPhone Developer";
				COPY_PHASE_STRIP = NO;
				DEBUG_INFORMATION_FORMAT = "dwarf-with-dsym";
				ENABLE_NS_ASSERTIONS = NO;
				ENABLE_STRICT_OBJC_MSGSEND = YES;
				GCC_C_LANGUAGE_STANDARD = gnu11;
				GCC_NO_COMMON_BLOCKS = YES;
				GCC_WARN_64_TO_32_BIT_CONVERSION = YES;
				GCC_WARN_ABOUT_RETURN_TYPE = YES_ERROR;
				GCC_WARN_UNDECLARED_SELECTOR = YES;
				GCC_WARN_UNINITIALIZED_AUTOS = YES_AGGRESSIVE;
				GCC_WARN_UNUSED_FUNCTION = YES;
				GCC_WARN_UNUSED_VARIABLE = YES;
				IPHONEOS_DEPLOYMENT_TARGET = 12.1;
				MTL_ENABLE_DEBUG_INFO = NO;
				MTL_FAST_MATH = YES;
				SDKROOT = iphoneos;
				SWIFT_COMPILATION_MODE = wholemodule;
				SWIFT_OPTIMIZATION_LEVEL = "-O";
				VALIDATE_PRODUCT = YES;
			};
			name = Release;
		};
		CC829F1F2201818900024496 /* Debug */ = {
			isa = XCBuildConfiguration;
			baseConfigurationReference = 33929C5383F6DB8AD67C7C79 /* Pods-KLineView.debug.xcconfig */;
			buildSettings = {
				ASSETCATALOG_COMPILER_APPICON_NAME = AppIcon;
				CODE_SIGN_STYLE = Automatic;
				DEVELOPMENT_TEAM = 3725Q3XY9A;
				INFOPLIST_FILE = KLineView/Info.plist;
				LD_RUNPATH_SEARCH_PATHS = (
					"$(inherited)",
					"@executable_path/Frameworks",
				);
				PRODUCT_BUNDLE_IDENTIFIER = cc.cclion.KLineView;
				PRODUCT_NAME = "$(TARGET_NAME)";
				SWIFT_VERSION = 4.2;
				TARGETED_DEVICE_FAMILY = "1,2";
			};
			name = Debug;
		};
		CC829F202201818900024496 /* Release */ = {
			isa = XCBuildConfiguration;
			baseConfigurationReference = 20888BA57DADF3DA9E052FDA /* Pods-KLineView.release.xcconfig */;
			buildSettings = {
				ASSETCATALOG_COMPILER_APPICON_NAME = AppIcon;
				CODE_SIGN_STYLE = Automatic;
				DEVELOPMENT_TEAM = 3725Q3XY9A;
				INFOPLIST_FILE = KLineView/Info.plist;
				LD_RUNPATH_SEARCH_PATHS = (
					"$(inherited)",
					"@executable_path/Frameworks",
				);
				PRODUCT_BUNDLE_IDENTIFIER = cc.cclion.KLineView;
				PRODUCT_NAME = "$(TARGET_NAME)";
				SWIFT_VERSION = 4.2;
				TARGETED_DEVICE_FAMILY = "1,2";
			};
			name = Release;
		};
		CC829F222201818900024496 /* Debug */ = {
			isa = XCBuildConfiguration;
			baseConfigurationReference = 4F95F9F8B8D74EAA9665464B /* Pods-KLineViewTests.debug.xcconfig */;
			buildSettings = {
				ALWAYS_EMBED_SWIFT_STANDARD_LIBRARIES = YES;
				BUNDLE_LOADER = "$(TEST_HOST)";
				CODE_SIGN_STYLE = Automatic;
				DEVELOPMENT_TEAM = 3725Q3XY9A;
				INFOPLIST_FILE = KLineViewTests/Info.plist;
				LD_RUNPATH_SEARCH_PATHS = (
					"$(inherited)",
					"@executable_path/Frameworks",
					"@loader_path/Frameworks",
				);
				PRODUCT_BUNDLE_IDENTIFIER = cc.cclion.KLineViewTests;
				PRODUCT_NAME = "$(TARGET_NAME)";
				SWIFT_VERSION = 4.2;
				TARGETED_DEVICE_FAMILY = "1,2";
				TEST_HOST = "$(BUILT_PRODUCTS_DIR)/KLineView.app/KLineView";
			};
			name = Debug;
		};
		CC829F232201818900024496 /* Release */ = {
			isa = XCBuildConfiguration;
			baseConfigurationReference = EA63F1C0674776BF88B877CE /* Pods-KLineViewTests.release.xcconfig */;
			buildSettings = {
				ALWAYS_EMBED_SWIFT_STANDARD_LIBRARIES = YES;
				BUNDLE_LOADER = "$(TEST_HOST)";
				CODE_SIGN_STYLE = Automatic;
				DEVELOPMENT_TEAM = 3725Q3XY9A;
				INFOPLIST_FILE = KLineViewTests/Info.plist;
				LD_RUNPATH_SEARCH_PATHS = (
					"$(inherited)",
					"@executable_path/Frameworks",
					"@loader_path/Frameworks",
				);
				PRODUCT_BUNDLE_IDENTIFIER = cc.cclion.KLineViewTests;
				PRODUCT_NAME = "$(TARGET_NAME)";
				SWIFT_VERSION = 4.2;
				TARGETED_DEVICE_FAMILY = "1,2";
				TEST_HOST = "$(BUILT_PRODUCTS_DIR)/KLineView.app/KLineView";
			};
			name = Release;
		};
		CC829F252201818900024496 /* Debug */ = {
			isa = XCBuildConfiguration;
			baseConfigurationReference = ADBBED89208BD732A123719C /* Pods-KLineViewUITests.debug.xcconfig */;
			buildSettings = {
				ALWAYS_EMBED_SWIFT_STANDARD_LIBRARIES = YES;
				CODE_SIGN_STYLE = Automatic;
				DEVELOPMENT_TEAM = 3725Q3XY9A;
				INFOPLIST_FILE = KLineViewUITests/Info.plist;
				LD_RUNPATH_SEARCH_PATHS = (
					"$(inherited)",
					"@executable_path/Frameworks",
					"@loader_path/Frameworks",
				);
				PRODUCT_BUNDLE_IDENTIFIER = cc.cclion.KLineViewUITests;
				PRODUCT_NAME = "$(TARGET_NAME)";
				SWIFT_VERSION = 4.2;
				TARGETED_DEVICE_FAMILY = "1,2";
				TEST_TARGET_NAME = KLineView;
			};
			name = Debug;
		};
		CC829F262201818900024496 /* Release */ = {
			isa = XCBuildConfiguration;
			baseConfigurationReference = C6E34661E00EAF78DB145028 /* Pods-KLineViewUITests.release.xcconfig */;
			buildSettings = {
				ALWAYS_EMBED_SWIFT_STANDARD_LIBRARIES = YES;
				CODE_SIGN_STYLE = Automatic;
				DEVELOPMENT_TEAM = 3725Q3XY9A;
				INFOPLIST_FILE = KLineViewUITests/Info.plist;
				LD_RUNPATH_SEARCH_PATHS = (
					"$(inherited)",
					"@executable_path/Frameworks",
					"@loader_path/Frameworks",
				);
				PRODUCT_BUNDLE_IDENTIFIER = cc.cclion.KLineViewUITests;
				PRODUCT_NAME = "$(TARGET_NAME)";
				SWIFT_VERSION = 4.2;
				TARGETED_DEVICE_FAMILY = "1,2";
				TEST_TARGET_NAME = KLineView;
			};
			name = Release;
		};
/* End XCBuildConfiguration section */

/* Begin XCConfigurationList section */
		CC829EF12201818700024496 /* Build configuration list for PBXProject "KLineView" */ = {
			isa = XCConfigurationList;
			buildConfigurations = (
				CC829F1C2201818900024496 /* Debug */,
				CC829F1D2201818900024496 /* Release */,
			);
			defaultConfigurationIsVisible = 0;
			defaultConfigurationName = Release;
		};
		CC829F1E2201818900024496 /* Build configuration list for PBXNativeTarget "KLineView" */ = {
			isa = XCConfigurationList;
			buildConfigurations = (
				CC829F1F2201818900024496 /* Debug */,
				CC829F202201818900024496 /* Release */,
			);
			defaultConfigurationIsVisible = 0;
			defaultConfigurationName = Release;
		};
		CC829F212201818900024496 /* Build configuration list for PBXNativeTarget "KLineViewTests" */ = {
			isa = XCConfigurationList;
			buildConfigurations = (
				CC829F222201818900024496 /* Debug */,
				CC829F232201818900024496 /* Release */,
			);
			defaultConfigurationIsVisible = 0;
			defaultConfigurationName = Release;
		};
		CC829F242201818900024496 /* Build configuration list for PBXNativeTarget "KLineViewUITests" */ = {
			isa = XCConfigurationList;
			buildConfigurations = (
				CC829F252201818900024496 /* Debug */,
				CC829F262201818900024496 /* Release */,
			);
			defaultConfigurationIsVisible = 0;
			defaultConfigurationName = Release;
		};
/* End XCConfigurationList section */
	};
	rootObject = CC829EEE2201818700024496 /* Project object */;
}
